// !$*UTF8*$!
{
	archiveVersion = 1;
	classes = {
	};
	objectVersion = 56;
	objects = {

/* Begin PBXBuildFile section */
		DC64F2222C5F944C006C5B8E /* DetailViewController.swift in Sources */ = {isa = PBXBuildFile; fileRef = DC64F2212C5F944C006C5B8E /* DetailViewController.swift */; };
		DCB426F22C5CDD3E0083889D /* AppDelegate.swift in Sources */ = {isa = PBXBuildFile; fileRef = DCB426F12C5CDD3E0083889D /* AppDelegate.swift */; };
		DCB426F42C5CDD3E0083889D /* SceneDelegate.swift in Sources */ = {isa = PBXBuildFile; fileRef = DCB426F32C5CDD3E0083889D /* SceneDelegate.swift */; };
		DCB426F62C5CDD3E0083889D /* ViewController.swift in Sources */ = {isa = PBXBuildFile; fileRef = DCB426F52C5CDD3E0083889D /* ViewController.swift */; };
		DCB426F92C5CDD3E0083889D /* Base in Resources */ = {isa = PBXBuildFile; fileRef = DCB426F82C5CDD3E0083889D /* Base */; };
		DCB426FB2C5CDD440083889D /* Assets.xcassets in Resources */ = {isa = PBXBuildFile; fileRef = DCB426FA2C5CDD440083889D /* Assets.xcassets */; };
		DCB426FE2C5CDD440083889D /* Base in Resources */ = {isa = PBXBuildFile; fileRef = DCB426FD2C5CDD440083889D /* Base */; };
		DCB427252C5CE4000083889D /* nssl0033.jpg in Resources */ = {isa = PBXBuildFile; fileRef = DCB4271A2C5CE4000083889D /* nssl0033.jpg */; };
		DCB427262C5CE4000083889D /* nssl0034.jpg in Resources */ = {isa = PBXBuildFile; fileRef = DCB4271B2C5CE4000083889D /* nssl0034.jpg */; };
		DCB427272C5CE4000083889D /* nssl0041.jpg in Resources */ = {isa = PBXBuildFile; fileRef = DCB4271C2C5CE4000083889D /* nssl0041.jpg */; };
		DCB427282C5CE4000083889D /* nssl0042.jpg in Resources */ = {isa = PBXBuildFile; fileRef = DCB4271D2C5CE4000083889D /* nssl0042.jpg */; };
		DCB427292C5CE4000083889D /* nssl0043.jpg in Resources */ = {isa = PBXBuildFile; fileRef = DCB4271E2C5CE4000083889D /* nssl0043.jpg */; };
		DCB4272A2C5CE4000083889D /* nssl0045.jpg in Resources */ = {isa = PBXBuildFile; fileRef = DCB4271F2C5CE4000083889D /* nssl0045.jpg */; };
		DCB4272B2C5CE4000083889D /* nssl0046.jpg in Resources */ = {isa = PBXBuildFile; fileRef = DCB427202C5CE4000083889D /* nssl0046.jpg */; };
		DCB4272C2C5CE4000083889D /* nssl0049.jpg in Resources */ = {isa = PBXBuildFile; fileRef = DCB427212C5CE4000083889D /* nssl0049.jpg */; };
		DCB4272D2C5CE4000083889D /* nssl0051.jpg in Resources */ = {isa = PBXBuildFile; fileRef = DCB427222C5CE4000083889D /* nssl0051.jpg */; };
		DCB4272E2C5CE4000083889D /* nssl0091.jpg in Resources */ = {isa = PBXBuildFile; fileRef = DCB427232C5CE4000083889D /* nssl0091.jpg */; };
		DCF2F3702C837A2F0061FB51 /* CollectionViewCell.swift in Sources */ = {isa = PBXBuildFile; fileRef = DCF2F36F2C837A2F0061FB51 /* CollectionViewCell.swift */; };
/* End PBXBuildFile section */

/* Begin PBXFileReference section */
		DC64F2212C5F944C006C5B8E /* DetailViewController.swift */ = {isa = PBXFileReference; lastKnownFileType = sourcecode.swift; path = DetailViewController.swift; sourceTree = "<group>"; };
		DCB426EE2C5CDD3E0083889D /* project1.app */ = {isa = PBXFileReference; explicitFileType = wrapper.application; includeInIndex = 0; path = project1.app; sourceTree = BUILT_PRODUCTS_DIR; };
		DCB426F12C5CDD3E0083889D /* AppDelegate.swift */ = {isa = PBXFileReference; lastKnownFileType = sourcecode.swift; path = AppDelegate.swift; sourceTree = "<group>"; };
		DCB426F32C5CDD3E0083889D /* SceneDelegate.swift */ = {isa = PBXFileReference; lastKnownFileType = sourcecode.swift; path = SceneDelegate.swift; sourceTree = "<group>"; };
		DCB426F52C5CDD3E0083889D /* ViewController.swift */ = {isa = PBXFileReference; lastKnownFileType = sourcecode.swift; path = ViewController.swift; sourceTree = "<group>"; };
		DCB426F82C5CDD3E0083889D /* Base */ = {isa = PBXFileReference; lastKnownFileType = file.storyboard; name = Base; path = Base.lproj/Main.storyboard; sourceTree = "<group>"; };
		DCB426FA2C5CDD440083889D /* Assets.xcassets */ = {isa = PBXFileReference; lastKnownFileType = folder.assetcatalog; path = Assets.xcassets; sourceTree = "<group>"; };
		DCB426FD2C5CDD440083889D /* Base */ = {isa = PBXFileReference; lastKnownFileType = file.storyboard; name = Base; path = Base.lproj/LaunchScreen.storyboard; sourceTree = "<group>"; };
		DCB426FF2C5CDD440083889D /* Info.plist */ = {isa = PBXFileReference; lastKnownFileType = text.plist.xml; path = Info.plist; sourceTree = "<group>"; };
		DCB4271A2C5CE4000083889D /* nssl0033.jpg */ = {isa = PBXFileReference; lastKnownFileType = image.jpeg; path = nssl0033.jpg; sourceTree = "<group>"; };
		DCB4271B2C5CE4000083889D /* nssl0034.jpg */ = {isa = PBXFileReference; lastKnownFileType = image.jpeg; path = nssl0034.jpg; sourceTree = "<group>"; };
		DCB4271C2C5CE4000083889D /* nssl0041.jpg */ = {isa = PBXFileReference; lastKnownFileType = image.jpeg; path = nssl0041.jpg; sourceTree = "<group>"; };
		DCB4271D2C5CE4000083889D /* nssl0042.jpg */ = {isa = PBXFileReference; lastKnownFileType = image.jpeg; path = nssl0042.jpg; sourceTree = "<group>"; };
		DCB4271E2C5CE4000083889D /* nssl0043.jpg */ = {isa = PBXFileReference; lastKnownFileType = image.jpeg; path = nssl0043.jpg; sourceTree = "<group>"; };
		DCB4271F2C5CE4000083889D /* nssl0045.jpg */ = {isa = PBXFileReference; lastKnownFileType = image.jpeg; path = nssl0045.jpg; sourceTree = "<group>"; };
		DCB427202C5CE4000083889D /* nssl0046.jpg */ = {isa = PBXFileReference; lastKnownFileType = image.jpeg; path = nssl0046.jpg; sourceTree = "<group>"; };
		DCB427212C5CE4000083889D /* nssl0049.jpg */ = {isa = PBXFileReference; lastKnownFileType = image.jpeg; path = nssl0049.jpg; sourceTree = "<group>"; };
		DCB427222C5CE4000083889D /* nssl0051.jpg */ = {isa = PBXFileReference; lastKnownFileType = image.jpeg; path = nssl0051.jpg; sourceTree = "<group>"; };
		DCB427232C5CE4000083889D /* nssl0091.jpg */ = {isa = PBXFileReference; lastKnownFileType = image.jpeg; path = nssl0091.jpg; sourceTree = "<group>"; };
		DCF2F36F2C837A2F0061FB51 /* CollectionViewCell.swift */ = {isa = PBXFileReference; lastKnownFileType = sourcecode.swift; path = CollectionViewCell.swift; sourceTree = "<group>"; };
/* End PBXFileReference section */

/* Begin PBXFrameworksBuildPhase section */
		DCB426EB2C5CDD3E0083889D /* Frameworks */ = {
			isa = PBXFrameworksBuildPhase;
			buildActionMask = 2147483647;
			files = (
			);
			runOnlyForDeploymentPostprocessing = 0;
		};
/* End PBXFrameworksBuildPhase section */

/* Begin PBXGroup section */
		DCB426E52C5CDD3E0083889D = {
			isa = PBXGroup;
			children = (
				DCB426F02C5CDD3E0083889D /* project1 */,
				DCB426EF2C5CDD3E0083889D /* Products */,
			);
			sourceTree = "<group>";
		};
		DCB426EF2C5CDD3E0083889D /* Products */ = {
			isa = PBXGroup;
			children = (
				DCB426EE2C5CDD3E0083889D /* project1.app */,
			);
			name = Products;
			sourceTree = "<group>";
		};
		DCB426F02C5CDD3E0083889D /* project1 */ = {
			isa = PBXGroup;
			children = (
				DCB426F12C5CDD3E0083889D /* AppDelegate.swift */,
				DCB426F32C5CDD3E0083889D /* SceneDelegate.swift */,
				DCB426F52C5CDD3E0083889D /* ViewController.swift */,
				DCF2F36F2C837A2F0061FB51 /* CollectionViewCell.swift */,
				DC64F2212C5F944C006C5B8E /* DetailViewController.swift */,
				DCB426F72C5CDD3E0083889D /* Main.storyboard */,
				DCB426FA2C5CDD440083889D /* Assets.xcassets */,
				DCB426FC2C5CDD440083889D /* LaunchScreen.storyboard */,
				DCB426FF2C5CDD440083889D /* Info.plist */,
				DCB427242C5CE4000083889D /* Content */,
			);
			path = project1;
			sourceTree = "<group>";
		};
		DCB427242C5CE4000083889D /* Content */ = {
			isa = PBXGroup;
			children = (
				DCB4271A2C5CE4000083889D /* nssl0033.jpg */,
				DCB4271B2C5CE4000083889D /* nssl0034.jpg */,
				DCB4271C2C5CE4000083889D /* nssl0041.jpg */,
				DCB4271D2C5CE4000083889D /* nssl0042.jpg */,
				DCB4271E2C5CE4000083889D /* nssl0043.jpg */,
				DCB4271F2C5CE4000083889D /* nssl0045.jpg */,
				DCB427202C5CE4000083889D /* nssl0046.jpg */,
				DCB427212C5CE4000083889D /* nssl0049.jpg */,
				DCB427222C5CE4000083889D /* nssl0051.jpg */,
				DCB427232C5CE4000083889D /* nssl0091.jpg */,
			);
			path = Content;
			sourceTree = "<group>";
		};
/* End PBXGroup section */

/* Begin PBXNativeTarget section */
		DCB426ED2C5CDD3E0083889D /* project1 */ = {
			isa = PBXNativeTarget;
			buildConfigurationList = DCB427022C5CDD440083889D /* Build configuration list for PBXNativeTarget "project1" */;
			buildPhases = (
				DCB426EA2C5CDD3E0083889D /* Sources */,
				DCB426EB2C5CDD3E0083889D /* Frameworks */,
				DCB426EC2C5CDD3E0083889D /* Resources */,
			);
			buildRules = (
			);
			dependencies = (
			);
			name = project1;
			productName = project1;
			productReference = DCB426EE2C5CDD3E0083889D /* project1.app */;
			productType = "com.apple.product-type.application";
		};
/* End PBXNativeTarget section */

/* Begin PBXProject section */
		DCB426E62C5CDD3E0083889D /* Project object */ = {
			isa = PBXProject;
			attributes = {
				BuildIndependentTargetsInParallel = 1;
				LastSwiftUpdateCheck = 1540;
				LastUpgradeCheck = 1540;
				TargetAttributes = {
					DCB426ED2C5CDD3E0083889D = {
						CreatedOnToolsVersion = 15.4;
					};
				};
			};
			buildConfigurationList = DCB426E92C5CDD3E0083889D /* Build configuration list for PBXProject "project1" */;
			compatibilityVersion = "Xcode 14.0";
			developmentRegion = en;
			hasScannedForEncodings = 0;
			knownRegions = (
				en,
				Base,
			);
			mainGroup = DCB426E52C5CDD3E0083889D;
			productRefGroup = DCB426EF2C5CDD3E0083889D /* Products */;
			projectDirPath = "";
			projectRoot = "";
			targets = (
				DCB426ED2C5CDD3E0083889D /* project1 */,
			);
		};
/* End PBXProject section */

/* Begin PBXResourcesBuildPhase section */
		DCB426EC2C5CDD3E0083889D /* Resources */ = {
			isa = PBXResourcesBuildPhase;
			buildActionMask = 2147483647;
			files = (
				DCB427262C5CE4000083889D /* nssl0034.jpg in Resources */,
				DCB4272D2C5CE4000083889D /* nssl0051.jpg in Resources */,
				DCB426FB2C5CDD440083889D /* Assets.xcassets in Resources */,
				DCB427292C5CE4000083889D /* nssl0043.jpg in Resources */,
				DCB427252C5CE4000083889D /* nssl0033.jpg in Resources */,
				DCB4272A2C5CE4000083889D /* nssl0045.jpg in Resources */,
				DCB4272B2C5CE4000083889D /* nssl0046.jpg in Resources */,
				DCB4272C2C5CE4000083889D /* nssl0049.jpg in Resources */,
				DCB427282C5CE4000083889D /* nssl0042.jpg in Resources */,
				DCB426FE2C5CDD440083889D /* Base in Resources */,
				DCB4272E2C5CE4000083889D /* nssl0091.jpg in Resources */,
				DCB427272C5CE4000083889D /* nssl0041.jpg in Resources */,
				DCB426F92C5CDD3E0083889D /* Base in Resources */,
			);
			runOnlyForDeploymentPostprocessing = 0;
		};
/* End PBXResourcesBuildPhase section */

/* Begin PBXSourcesBuildPhase section */
		DCB426EA2C5CDD3E0083889D /* Sources */ = {
			isa = PBXSourcesBuildPhase;
			buildActionMask = 2147483647;
			files = (
				DCF2F3702C837A2F0061FB51 /* CollectionViewCell.swift in Sources */,
				DCB426F62C5CDD3E0083889D /* ViewController.swift in Sources */,
				DCB426F22C5CDD3E0083889D /* AppDelegate.swift in Sources */,
				DCB426F42C5CDD3E0083889D /* SceneDelegate.swift in Sources */,
				DC64F2222C5F944C006C5B8E /* DetailViewController.swift in Sources */,
			);
			runOnlyForDeploymentPostprocessing = 0;
		};
/* End PBXSourcesBuildPhase section */

/* Begin PBXVariantGroup section */
		DCB426F72C5CDD3E0083889D /* Main.storyboard */ = {
			isa = PBXVariantGroup;
			children = (
				DCB426F82C5CDD3E0083889D /* Base */,
			);
			name = Main.storyboard;
			sourceTree = "<group>";
		};
		DCB426FC2C5CDD440083889D /* LaunchScreen.storyboard */ = {
			isa = PBXVariantGroup;
			children = (
				DCB426FD2C5CDD440083889D /* Base */,
			);
			name = LaunchScreen.storyboard;
			sourceTree = "<group>";
		};
/* End PBXVariantGroup section */

/* Begin XCBuildConfiguration section */
		DCB427002C5CDD440083889D /* Debug */ = {
			isa = XCBuildConfiguration;
			buildSettings = {
				ALWAYS_SEARCH_USER_PATHS = NO;
				ASSETCATALOG_COMPILER_GENERATE_SWIFT_ASSET_SYMBOL_EXTENSIONS = YES;
				CLANG_ANALYZER_NONNULL = YES;
				CLANG_ANALYZER_NUMBER_OBJECT_CONVERSION = YES_AGGRESSIVE;
				CLANG_CXX_LANGUAGE_STANDARD = "gnu++20";
				CLANG_ENABLE_MODULES = YES;
				CLANG_ENABLE_OBJC_ARC = YES;
				CLANG_ENABLE_OBJC_WEAK = YES;
				CLANG_WARN_BLOCK_CAPTURE_AUTORELEASING = YES;
				CLANG_WARN_BOOL_CONVERSION = YES;
				CLANG_WARN_COMMA = YES;
				CLANG_WARN_CONSTANT_CONVERSION = YES;
				CLANG_WARN_DEPRECATED_OBJC_IMPLEMENTATIONS = YES;
				CLANG_WARN_DIRECT_OBJC_ISA_USAGE = YES_ERROR;
				CLANG_WARN_DOCUMENTATION_COMMENTS = YES;
				CLANG_WARN_EMPTY_BODY = YES;
				CLANG_WARN_ENUM_CONVERSION = YES;
				CLANG_WARN_INFINITE_RECURSION = YES;
				CLANG_WARN_INT_CONVERSION = YES;
				CLANG_WARN_NON_LITERAL_NULL_CONVERSION = YES;
				CLANG_WARN_OBJC_IMPLICIT_RETAIN_SELF = YES;
				CLANG_WARN_OBJC_LITERAL_CONVERSION = YES;
				CLANG_WARN_OBJC_ROOT_CLASS = YES_ERROR;
				CLANG_WARN_QUOTED_INCLUDE_IN_FRAMEWORK_HEADER = YES;
				CLANG_WARN_RANGE_LOOP_ANALYSIS = YES;
				CLANG_WARN_STRICT_PROTOTYPES = YES;
				CLANG_WARN_SUSPICIOUS_MOVE = YES;
				CLANG_WARN_UNGUARDED_AVAILABILITY = YES_AGGRESSIVE;
				CLANG_WARN_UNREACHABLE_CODE = YES;
				CLANG_WARN__DUPLICATE_METHOD_MATCH = YES;
				COPY_PHASE_STRIP = NO;
				DEBUG_INFORMATION_FORMAT = dwarf;
				ENABLE_STRICT_OBJC_MSGSEND = YES;
				ENABLE_TESTABILITY = YES;
				ENABLE_USER_SCRIPT_SANDBOXING = YES;
				GCC_C_LANGUAGE_STANDARD = gnu17;
				GCC_DYNAMIC_NO_PIC = NO;
				GCC_NO_COMMON_BLOCKS = YES;
				GCC_OPTIMIZATION_LEVEL = 0;
				GCC_PREPROCESSOR_DEFINITIONS = (
					"DEBUG=1",
					"$(inherited)",
				);
				GCC_WARN_64_TO_32_BIT_CONVERSION = YES;
				GCC_WARN_ABOUT_RETURN_TYPE = YES_ERROR;
				GCC_WARN_UNDECLARED_SELECTOR = YES;
				GCC_WARN_UNINITIALIZED_AUTOS = YES_AGGRESSIVE;
				GCC_WARN_UNUSED_FUNCTION = YES;
				GCC_WARN_UNUSED_VARIABLE = YES;
				IPHONEOS_DEPLOYMENT_TARGET = 17.5;
				LOCALIZATION_PREFERS_STRING_CATALOGS = YES;
				MTL_ENABLE_DEBUG_INFO = INCLUDE_SOURCE;
				MTL_FAST_MATH = YES;
				ONLY_ACTIVE_ARCH = YES;
				SDKROOT = iphoneos;
				SWIFT_ACTIVE_COMPILATION_CONDITIONS = "DEBUG $(inherited)";
				SWIFT_OPTIMIZATION_LEVEL = "-Onone";
			};
			name = Debug;
		};
		DCB427012C5CDD440083889D /* Release */ = {
			isa = XCBuildConfiguration;
			buildSettings = {
				ALWAYS_SEARCH_USER_PATHS = NO;
				ASSETCATALOG_COMPILER_GENERATE_SWIFT_ASSET_SYMBOL_EXTENSIONS = YES;
				CLANG_ANALYZER_NONNULL = YES;
				CLANG_ANALYZER_NUMBER_OBJECT_CONVERSION = YES_AGGRESSIVE;
				CLANG_CXX_LANGUAGE_STANDARD = "gnu++20";
				CLANG_ENABLE_MODULES = YES;
				CLANG_ENABLE_OBJC_ARC = YES;
				CLANG_ENABLE_OBJC_WEAK = YES;
				CLANG_WARN_BLOCK_CAPTURE_AUTORELEASING = YES;
				CLANG_WARN_BOOL_CONVERSION = YES;
				CLANG_WARN_COMMA = YES;
				CLANG_WARN_CONSTANT_CONVERSION = YES;
				CLANG_WARN_DEPRECATED_OBJC_IMPLEMENTATIONS = YES;
				CLANG_WARN_DIRECT_OBJC_ISA_USAGE = YES_ERROR;
				CLANG_WARN_DOCUMENTATION_COMMENTS = YES;
				CLANG_WARN_EMPTY_BODY = YES;
				CLANG_WARN_ENUM_CONVERSION = YES;
				CLANG_WARN_INFINITE_RECURSION = YES;
				CLANG_WARN_INT_CONVERSION = YES;
				CLANG_WARN_NON_LITERAL_NULL_CONVERSION = YES;
				CLANG_WARN_OBJC_IMPLICIT_RETAIN_SELF = YES;
				CLANG_WARN_OBJC_LITERAL_CONVERSION = YES;
				CLANG_WARN_OBJC_ROOT_CLASS = YES_ERROR;
				CLANG_WARN_QUOTED_INCLUDE_IN_FRAMEWORK_HEADER = YES;
				CLANG_WARN_RANGE_LOOP_ANALYSIS = YES;
				CLANG_WARN_STRICT_PROTOTYPES = YES;
				CLANG_WARN_SUSPICIOUS_MOVE = YES;
				CLANG_WARN_UNGUARDED_AVAILABILITY = YES_AGGRESSIVE;
				CLANG_WARN_UNREACHABLE_CODE = YES;
				CLANG_WARN__DUPLICATE_METHOD_MATCH = YES;
				COPY_PHASE_STRIP = NO;
				DEBUG_INFORMATION_FORMAT = "dwarf-with-dsym";
				ENABLE_NS_ASSERTIONS = NO;
				ENABLE_STRICT_OBJC_MSGSEND = YES;
				ENABLE_USER_SCRIPT_SANDBOXING = YES;
				GCC_C_LANGUAGE_STANDARD = gnu17;
				GCC_NO_COMMON_BLOCKS = YES;
				GCC_WARN_64_TO_32_BIT_CONVERSION = YES;
				GCC_WARN_ABOUT_RETURN_TYPE = YES_ERROR;
				GCC_WARN_UNDECLARED_SELECTOR = YES;
				GCC_WARN_UNINITIALIZED_AUTOS = YES_AGGRESSIVE;
				GCC_WARN_UNUSED_FUNCTION = YES;
				GCC_WARN_UNUSED_VARIABLE = YES;
				IPHONEOS_DEPLOYMENT_TARGET = 17.5;
				LOCALIZATION_PREFERS_STRING_CATALOGS = YES;
				MTL_ENABLE_DEBUG_INFO = NO;
				MTL_FAST_MATH = YES;
				SDKROOT = iphoneos;
				SWIFT_COMPILATION_MODE = wholemodule;
				VALIDATE_PRODUCT = YES;
			};
			name = Release;
		};
		DCB427032C5CDD440083889D /* Debug */ = {
			isa = XCBuildConfiguration;
			buildSettings = {
				ASSETCATALOG_COMPILER_APPICON_NAME = AppIcon;
				ASSETCATALOG_COMPILER_GLOBAL_ACCENT_COLOR_NAME = AccentColor;
				CODE_SIGN_STYLE = Automatic;
				CURRENT_PROJECT_VERSION = 1;
				DEVELOPMENT_TEAM = 5P5HZ4F34W;
				GENERATE_INFOPLIST_FILE = YES;
				INFOPLIST_FILE = project1/Info.plist;
				INFOPLIST_KEY_UIApplicationSupportsIndirectInputEvents = YES;
				INFOPLIST_KEY_UILaunchStoryboardName = LaunchScreen;
				INFOPLIST_KEY_UIMainStoryboardFile = Main;
				INFOPLIST_KEY_UISupportedInterfaceOrientations_iPad = "UIInterfaceOrientationPortrait UIInterfaceOrientationPortraitUpsideDown UIInterfaceOrientationLandscapeLeft UIInterfaceOrientationLandscapeRight";
				INFOPLIST_KEY_UISupportedInterfaceOrientations_iPhone = "UIInterfaceOrientationPortrait UIInterfaceOrientationLandscapeLeft UIInterfaceOrientationLandscapeRight";
				LD_RUNPATH_SEARCH_PATHS = (
					"$(inherited)",
					"@executable_path/Frameworks",
				);
				MARKETING_VERSION = 1.0;
				PRODUCT_BUNDLE_IDENTIFIER = com.antonbaskakov.project1;
				PRODUCT_NAME = "$(TARGET_NAME)";
				SWIFT_EMIT_LOC_STRINGS = YES;
				SWIFT_VERSION = 5.0;
				TARGETED_DEVICE_FAMILY = "1,2";
			};
			name = Debug;
		};
		DCB427042C5CDD440083889D /* Release */ = {
			isa = XCBuildConfiguration;
			buildSettings = {
				ASSETCATALOG_COMPILER_APPICON_NAME = AppIcon;
				ASSETCATALOG_COMPILER_GLOBAL_ACCENT_COLOR_NAME = AccentColor;
				CODE_SIGN_STYLE = Automatic;
				CURRENT_PROJECT_VERSION = 1;
				DEVELOPMENT_TEAM = 5P5HZ4F34W;
				GENERATE_INFOPLIST_FILE = YES;
				INFOPLIST_FILE = project1/Info.plist;
				INFOPLIST_KEY_UIApplicationSupportsIndirectInputEvents = YES;
				INFOPLIST_KEY_UILaunchStoryboardName = LaunchScreen;
				INFOPLIST_KEY_UIMainStoryboardFile = Main;
				INFOPLIST_KEY_UISupportedInterfaceOrientations_iPad = "UIInterfaceOrientationPortrait UIInterfaceOrientationPortraitUpsideDown UIInterfaceOrientationLandscapeLeft UIInterfaceOrientationLandscapeRight";
				INFOPLIST_KEY_UISupportedInterfaceOrientations_iPhone = "UIInterfaceOrientationPortrait UIInterfaceOrientationLandscapeLeft UIInterfaceOrientationLandscapeRight";
				LD_RUNPATH_SEARCH_PATHS = (
					"$(inherited)",
					"@executable_path/Frameworks",
				);
				MARKETING_VERSION = 1.0;
				PRODUCT_BUNDLE_IDENTIFIER = com.antonbaskakov.project1;
				PRODUCT_NAME = "$(TARGET_NAME)";
				SWIFT_EMIT_LOC_STRINGS = YES;
				SWIFT_VERSION = 5.0;
				TARGETED_DEVICE_FAMILY = "1,2";
			};
			name = Release;
		};
/* End XCBuildConfiguration section */

/* Begin XCConfigurationList section */
		DCB426E92C5CDD3E0083889D /* Build configuration list for PBXProject "project1" */ = {
			isa = XCConfigurationList;
			buildConfigurations = (
				DCB427002C5CDD440083889D /* Debug */,
				DCB427012C5CDD440083889D /* Release */,
			);
			defaultConfigurationIsVisible = 0;
			defaultConfigurationName = Release;
		};
		DCB427022C5CDD440083889D /* Build configuration list for PBXNativeTarget "project1" */ = {
			isa = XCConfigurationList;
			buildConfigurations = (
				DCB427032C5CDD440083889D /* Debug */,
				DCB427042C5CDD440083889D /* Release */,
			);
			defaultConfigurationIsVisible = 0;
			defaultConfigurationName = Release;
		};
/* End XCConfigurationList section */
	};
	rootObject = DCB426E62C5CDD3E0083889D /* Project object */;
}
