// !$*UTF8*$!
{
	archiveVersion = 1;
	classes = {
	};
	objectVersion = 56;
	objects = {

/* Begin PBXBuildFile section */
		DC97BE562C997A99002DD458 /* AppDelegate.swift in Sources */ = {isa = PBXBuildFile; fileRef = DC97BE552C997A99002DD458 /* AppDelegate.swift */; };
		DC97BE582C997A99002DD458 /* SceneDelegate.swift in Sources */ = {isa = PBXBuildFile; fileRef = DC97BE572C997A99002DD458 /* SceneDelegate.swift */; };
		DC97BE5A2C997A99002DD458 /* ViewController.swift in Sources */ = {isa = PBXBuildFile; fileRef = DC97BE592C997A99002DD458 /* ViewController.swift */; };
		DC97BE5D2C997A99002DD458 /* Base in Resources */ = {isa = PBXBuildFile; fileRef = DC97BE5C2C997A99002DD458 /* Base */; };
		DC97BE5F2C997A9A002DD458 /* Assets.xcassets in Resources */ = {isa = PBXBuildFile; fileRef = DC97BE5E2C997A9A002DD458 /* Assets.xcassets */; };
		DC97BE622C997A9A002DD458 /* Base in Resources */ = {isa = PBXBuildFile; fileRef = DC97BE612C997A9A002DD458 /* Base */; };
		DC97BE6C2C99800C002DD458 /* Country.swift in Sources */ = {isa = PBXBuildFile; fileRef = DC97BE6B2C99800C002DD458 /* Country.swift */; };
		DC97BE6E2C998C7B002DD458 /* DetailViewController.swift in Sources */ = {isa = PBXBuildFile; fileRef = DC97BE6D2C998C7B002DD458 /* DetailViewController.swift */; };
		DC97BE702C999057002DD458 /* countries.json in Resources */ = {isa = PBXBuildFile; fileRef = DC97BE6F2C999057002DD458 /* countries.json */; };
/* End PBXBuildFile section */

/* Begin PBXFileReference section */
		DC97BE522C997A99002DD458 /* milestone5.app */ = {isa = PBXFileReference; explicitFileType = wrapper.application; includeInIndex = 0; path = milestone5.app; sourceTree = BUILT_PRODUCTS_DIR; };
		DC97BE552C997A99002DD458 /* AppDelegate.swift */ = {isa = PBXFileReference; lastKnownFileType = sourcecode.swift; path = AppDelegate.swift; sourceTree = "<group>"; };
		DC97BE572C997A99002DD458 /* SceneDelegate.swift */ = {isa = PBXFileReference; lastKnownFileType = sourcecode.swift; path = SceneDelegate.swift; sourceTree = "<group>"; };
		DC97BE592C997A99002DD458 /* ViewController.swift */ = {isa = PBXFileReference; lastKnownFileType = sourcecode.swift; path = ViewController.swift; sourceTree = "<group>"; };
		DC97BE5C2C997A99002DD458 /* Base */ = {isa = PBXFileReference; lastKnownFileType = file.storyboard; name = Base; path = Base.lproj/Main.storyboard; sourceTree = "<group>"; };
		DC97BE5E2C997A9A002DD458 /* Assets.xcassets */ = {isa = PBXFileReference; lastKnownFileType = folder.assetcatalog; path = Assets.xcassets; sourceTree = "<group>"; };
		DC97BE612C997A9A002DD458 /* Base */ = {isa = PBXFileReference; lastKnownFileType = file.storyboard; name = Base; path = Base.lproj/LaunchScreen.storyboard; sourceTree = "<group>"; };
		DC97BE632C997A9A002DD458 /* Info.plist */ = {isa = PBXFileReference; lastKnownFileType = text.plist.xml; path = Info.plist; sourceTree = "<group>"; };
		DC97BE6B2C99800C002DD458 /* Country.swift */ = {isa = PBXFileReference; lastKnownFileType = sourcecode.swift; path = Country.swift; sourceTree = "<group>"; };
		DC97BE6D2C998C7B002DD458 /* DetailViewController.swift */ = {isa = PBXFileReference; lastKnownFileType = sourcecode.swift; path = DetailViewController.swift; sourceTree = "<group>"; };
		DC97BE6F2C999057002DD458 /* countries.json */ = {isa = PBXFileReference; fileEncoding = 4; lastKnownFileType = text.json; path = countries.json; sourceTree = "<group>"; };
/* End PBXFileReference section */

/* Begin PBXFrameworksBuildPhase section */
		DC97BE4F2C997A99002DD458 /* Frameworks */ = {
			isa = PBXFrameworksBuildPhase;
			buildActionMask = 2147483647;
			files = (
			);
			runOnlyForDeploymentPostprocessing = 0;
		};
/* End PBXFrameworksBuildPhase section */

/* Begin PBXGroup section */
		DC97BE492C997A99002DD458 = {
			isa = PBXGroup;
			children = (
				DC97BE542C997A99002DD458 /* milestone5 */,
				DC97BE532C997A99002DD458 /* Products */,
			);
			sourceTree = "<group>";
		};
		DC97BE532C997A99002DD458 /* Products */ = {
			isa = PBXGroup;
			children = (
				DC97BE522C997A99002DD458 /* milestone5.app */,
			);
			name = Products;
			sourceTree = "<group>";
		};
		DC97BE542C997A99002DD458 /* milestone5 */ = {
			isa = PBXGroup;
			children = (
				DC97BE552C997A99002DD458 /* AppDelegate.swift */,
				DC97BE572C997A99002DD458 /* SceneDelegate.swift */,
				DC97BE592C997A99002DD458 /* ViewController.swift */,
				DC97BE6B2C99800C002DD458 /* Country.swift */,
				DC97BE5B2C997A99002DD458 /* Main.storyboard */,
				DC97BE6D2C998C7B002DD458 /* DetailViewController.swift */,
				DC97BE5E2C997A9A002DD458 /* Assets.xcassets */,
				DC97BE602C997A9A002DD458 /* LaunchScreen.storyboard */,
				DC97BE632C997A9A002DD458 /* Info.plist */,
				DC97BE6F2C999057002DD458 /* countries.json */,
			);
			path = milestone5;
			sourceTree = "<group>";
		};
/* End PBXGroup section */

/* Begin PBXNativeTarget section */
		DC97BE512C997A99002DD458 /* milestone5 */ = {
			isa = PBXNativeTarget;
			buildConfigurationList = DC97BE662C997A9A002DD458 /* Build configuration list for PBXNativeTarget "milestone5" */;
			buildPhases = (
				DC97BE4E2C997A99002DD458 /* Sources */,
				DC97BE4F2C997A99002DD458 /* Frameworks */,
				DC97BE502C997A99002DD458 /* Resources */,
			);
			buildRules = (
			);
			dependencies = (
			);
			name = milestone5;
			productName = milestone5;
			productReference = DC97BE522C997A99002DD458 /* milestone5.app */;
			productType = "com.apple.product-type.application";
		};
/* End PBXNativeTarget section */

/* Begin PBXProject section */
		DC97BE4A2C997A99002DD458 /* Project object */ = {
			isa = PBXProject;
			attributes = {
				BuildIndependentTargetsInParallel = 1;
				LastSwiftUpdateCheck = 1540;
				LastUpgradeCheck = 1540;
				TargetAttributes = {
					DC97BE512C997A99002DD458 = {
						CreatedOnToolsVersion = 15.4;
					};
				};
			};
			buildConfigurationList = DC97BE4D2C997A99002DD458 /* Build configuration list for PBXProject "milestone5" */;
			compatibilityVersion = "Xcode 14.0";
			developmentRegion = en;
			hasScannedForEncodings = 0;
			knownRegions = (
				en,
				Base,
			);
			mainGroup = DC97BE492C997A99002DD458;
			productRefGroup = DC97BE532C997A99002DD458 /* Products */;
			projectDirPath = "";
			projectRoot = "";
			targets = (
				DC97BE512C997A99002DD458 /* milestone5 */,
			);
		};
/* End PBXProject section */

/* Begin PBXResourcesBuildPhase section */
		DC97BE502C997A99002DD458 /* Resources */ = {
			isa = PBXResourcesBuildPhase;
			buildActionMask = 2147483647;
			files = (
				DC97BE5F2C997A9A002DD458 /* Assets.xcassets in Resources */,
				DC97BE622C997A9A002DD458 /* Base in Resources */,
				DC97BE702C999057002DD458 /* countries.json in Resources */,
				DC97BE5D2C997A99002DD458 /* Base in Resources */,
			);
			runOnlyForDeploymentPostprocessing = 0;
		};
/* End PBXResourcesBuildPhase section */

/* Begin PBXSourcesBuildPhase section */
		DC97BE4E2C997A99002DD458 /* Sources */ = {
			isa = PBXSourcesBuildPhase;
			buildActionMask = 2147483647;
			files = (
				DC97BE6C2C99800C002DD458 /* Country.swift in Sources */,
				DC97BE5A2C997A99002DD458 /* ViewController.swift in Sources */,
				DC97BE6E2C998C7B002DD458 /* DetailViewController.swift in Sources */,
				DC97BE562C997A99002DD458 /* AppDelegate.swift in Sources */,
				DC97BE582C997A99002DD458 /* SceneDelegate.swift in Sources */,
			);
			runOnlyForDeploymentPostprocessing = 0;
		};
/* End PBXSourcesBuildPhase section */

/* Begin PBXVariantGroup section */
		DC97BE5B2C997A99002DD458 /* Main.storyboard */ = {
			isa = PBXVariantGroup;
			children = (
				DC97BE5C2C997A99002DD458 /* Base */,
			);
			name = Main.storyboard;
			sourceTree = "<group>";
		};
		DC97BE602C997A9A002DD458 /* LaunchScreen.storyboard */ = {
			isa = PBXVariantGroup;
			children = (
				DC97BE612C997A9A002DD458 /* Base */,
			);
			name = LaunchScreen.storyboard;
			sourceTree = "<group>";
		};
/* End PBXVariantGroup section */

/* Begin XCBuildConfiguration section */
		DC97BE642C997A9A002DD458 /* Debug */ = {
			isa = XCBuildConfiguration;
			buildSettings = {
				ALWAYS_SEARCH_USER_PATHS = NO;
				ASSETCATALOG_COMPILER_GENERATE_SWIFT_ASSET_SYMBOL_EXTENSIONS = YES;
				CLANG_ANALYZER_NONNULL = YES;
				CLANG_ANALYZER_NUMBER_OBJECT_CONVERSION = YES_AGGRESSIVE;
				CLANG_CXX_LANGUAGE_STANDARD = "gnu++20";
				CLANG_ENABLE_MODULES = YES;
				CLANG_ENABLE_OBJC_ARC = YES;
				CLANG_ENABLE_OBJC_WEAK = YES;
				CLANG_WARN_BLOCK_CAPTURE_AUTORELEASING = YES;
				CLANG_WARN_BOOL_CONVERSION = YES;
				CLANG_WARN_COMMA = YES;
				CLANG_WARN_CONSTANT_CONVERSION = YES;
				CLANG_WARN_DEPRECATED_OBJC_IMPLEMENTATIONS = YES;
				CLANG_WARN_DIRECT_OBJC_ISA_USAGE = YES_ERROR;
				CLANG_WARN_DOCUMENTATION_COMMENTS = YES;
				CLANG_WARN_EMPTY_BODY = YES;
				CLANG_WARN_ENUM_CONVERSION = YES;
				CLANG_WARN_INFINITE_RECURSION = YES;
				CLANG_WARN_INT_CONVERSION = YES;
				CLANG_WARN_NON_LITERAL_NULL_CONVERSION = YES;
				CLANG_WARN_OBJC_IMPLICIT_RETAIN_SELF = YES;
				CLANG_WARN_OBJC_LITERAL_CONVERSION = YES;
				CLANG_WARN_OBJC_ROOT_CLASS = YES_ERROR;
				CLANG_WARN_QUOTED_INCLUDE_IN_FRAMEWORK_HEADER = YES;
				CLANG_WARN_RANGE_LOOP_ANALYSIS = YES;
				CLANG_WARN_STRICT_PROTOTYPES = YES;
				CLANG_WARN_SUSPICIOUS_MOVE = YES;
				CLANG_WARN_UNGUARDED_AVAILABILITY = YES_AGGRESSIVE;
				CLANG_WARN_UNREACHABLE_CODE = YES;
				CLANG_WARN__DUPLICATE_METHOD_MATCH = YES;
				COPY_PHASE_STRIP = NO;
				DEBUG_INFORMATION_FORMAT = dwarf;
				ENABLE_STRICT_OBJC_MSGSEND = YES;
				ENABLE_TESTABILITY = YES;
				ENABLE_USER_SCRIPT_SANDBOXING = YES;
				GCC_C_LANGUAGE_STANDARD = gnu17;
				GCC_DYNAMIC_NO_PIC = NO;
				GCC_NO_COMMON_BLOCKS = YES;
				GCC_OPTIMIZATION_LEVEL = 0;
				GCC_PREPROCESSOR_DEFINITIONS = (
					"DEBUG=1",
					"$(inherited)",
				);
				GCC_WARN_64_TO_32_BIT_CONVERSION = YES;
				GCC_WARN_ABOUT_RETURN_TYPE = YES_ERROR;
				GCC_WARN_UNDECLARED_SELECTOR = YES;
				GCC_WARN_UNINITIALIZED_AUTOS = YES_AGGRESSIVE;
				GCC_WARN_UNUSED_FUNCTION = YES;
				GCC_WARN_UNUSED_VARIABLE = YES;
				IPHONEOS_DEPLOYMENT_TARGET = 17.5;
				LOCALIZATION_PREFERS_STRING_CATALOGS = YES;
				MTL_ENABLE_DEBUG_INFO = INCLUDE_SOURCE;
				MTL_FAST_MATH = YES;
				ONLY_ACTIVE_ARCH = YES;
				SDKROOT = iphoneos;
				SWIFT_ACTIVE_COMPILATION_CONDITIONS = "DEBUG $(inherited)";
				SWIFT_OPTIMIZATION_LEVEL = "-Onone";
			};
			name = Debug;
		};
		DC97BE652C997A9A002DD458 /* Release */ = {
			isa = XCBuildConfiguration;
			buildSettings = {
				ALWAYS_SEARCH_USER_PATHS = NO;
				ASSETCATALOG_COMPILER_GENERATE_SWIFT_ASSET_SYMBOL_EXTENSIONS = YES;
				CLANG_ANALYZER_NONNULL = YES;
				CLANG_ANALYZER_NUMBER_OBJECT_CONVERSION = YES_AGGRESSIVE;
				CLANG_CXX_LANGUAGE_STANDARD = "gnu++20";
				CLANG_ENABLE_MODULES = YES;
				CLANG_ENABLE_OBJC_ARC = YES;
				CLANG_ENABLE_OBJC_WEAK = YES;
				CLANG_WARN_BLOCK_CAPTURE_AUTORELEASING = YES;
				CLANG_WARN_BOOL_CONVERSION = YES;
				CLANG_WARN_COMMA = YES;
				CLANG_WARN_CONSTANT_CONVERSION = YES;
				CLANG_WARN_DEPRECATED_OBJC_IMPLEMENTATIONS = YES;
				CLANG_WARN_DIRECT_OBJC_ISA_USAGE = YES_ERROR;
				CLANG_WARN_DOCUMENTATION_COMMENTS = YES;
				CLANG_WARN_EMPTY_BODY = YES;
				CLANG_WARN_ENUM_CONVERSION = YES;
				CLANG_WARN_INFINITE_RECURSION = YES;
				CLANG_WARN_INT_CONVERSION = YES;
				CLANG_WARN_NON_LITERAL_NULL_CONVERSION = YES;
				CLANG_WARN_OBJC_IMPLICIT_RETAIN_SELF = YES;
				CLANG_WARN_OBJC_LITERAL_CONVERSION = YES;
				CLANG_WARN_OBJC_ROOT_CLASS = YES_ERROR;
				CLANG_WARN_QUOTED_INCLUDE_IN_FRAMEWORK_HEADER = YES;
				CLANG_WARN_RANGE_LOOP_ANALYSIS = YES;
				CLANG_WARN_STRICT_PROTOTYPES = YES;
				CLANG_WARN_SUSPICIOUS_MOVE = YES;
				CLANG_WARN_UNGUARDED_AVAILABILITY = YES_AGGRESSIVE;
				CLANG_WARN_UNREACHABLE_CODE = YES;
				CLANG_WARN__DUPLICATE_METHOD_MATCH = YES;
				COPY_PHASE_STRIP = NO;
				DEBUG_INFORMATION_FORMAT = "dwarf-with-dsym";
				ENABLE_NS_ASSERTIONS = NO;
				ENABLE_STRICT_OBJC_MSGSEND = YES;
				ENABLE_USER_SCRIPT_SANDBOXING = YES;
				GCC_C_LANGUAGE_STANDARD = gnu17;
				GCC_NO_COMMON_BLOCKS = YES;
				GCC_WARN_64_TO_32_BIT_CONVERSION = YES;
				GCC_WARN_ABOUT_RETURN_TYPE = YES_ERROR;
				GCC_WARN_UNDECLARED_SELECTOR = YES;
				GCC_WARN_UNINITIALIZED_AUTOS = YES_AGGRESSIVE;
				GCC_WARN_UNUSED_FUNCTION = YES;
				GCC_WARN_UNUSED_VARIABLE = YES;
				IPHONEOS_DEPLOYMENT_TARGET = 17.5;
				LOCALIZATION_PREFERS_STRING_CATALOGS = YES;
				MTL_ENABLE_DEBUG_INFO = NO;
				MTL_FAST_MATH = YES;
				SDKROOT = iphoneos;
				SWIFT_COMPILATION_MODE = wholemodule;
				VALIDATE_PRODUCT = YES;
			};
			name = Release;
		};
		DC97BE672C997A9A002DD458 /* Debug */ = {
			isa = XCBuildConfiguration;
			buildSettings = {
				ASSETCATALOG_COMPILER_APPICON_NAME = AppIcon;
				ASSETCATALOG_COMPILER_GLOBAL_ACCENT_COLOR_NAME = AccentColor;
				CODE_SIGN_STYLE = Automatic;
				CURRENT_PROJECT_VERSION = 1;
				DEVELOPMENT_TEAM = 5P5HZ4F34W;
				GENERATE_INFOPLIST_FILE = YES;
				INFOPLIST_FILE = milestone5/Info.plist;
				INFOPLIST_KEY_UIApplicationSupportsIndirectInputEvents = YES;
				INFOPLIST_KEY_UILaunchStoryboardName = LaunchScreen;
				INFOPLIST_KEY_UIMainStoryboardFile = Main;
				INFOPLIST_KEY_UISupportedInterfaceOrientations = UIInterfaceOrientationPortrait;
				INFOPLIST_KEY_UISupportedInterfaceOrientations_iPad = "UIInterfaceOrientationLandscapeLeft UIInterfaceOrientationLandscapeRight UIInterfaceOrientationPortrait UIInterfaceOrientationPortraitUpsideDown";
				LD_RUNPATH_SEARCH_PATHS = (
					"$(inherited)",
					"@executable_path/Frameworks",
				);
				MARKETING_VERSION = 1.0;
				PRODUCT_BUNDLE_IDENTIFIER = com.antonbaskakov.milestone5;
				PRODUCT_NAME = "$(TARGET_NAME)";
				SWIFT_EMIT_LOC_STRINGS = YES;
				SWIFT_VERSION = 5.0;
				TARGETED_DEVICE_FAMILY = "1,2";
			};
			name = Debug;
		};
		DC97BE682C997A9A002DD458 /* Release */ = {
			isa = XCBuildConfiguration;
			buildSettings = {
				ASSETCATALOG_COMPILER_APPICON_NAME = AppIcon;
				ASSETCATALOG_COMPILER_GLOBAL_ACCENT_COLOR_NAME = AccentColor;
				CODE_SIGN_STYLE = Automatic;
				CURRENT_PROJECT_VERSION = 1;
				DEVELOPMENT_TEAM = 5P5HZ4F34W;
				GENERATE_INFOPLIST_FILE = YES;
				INFOPLIST_FILE = milestone5/Info.plist;
				INFOPLIST_KEY_UIApplicationSupportsIndirectInputEvents = YES;
				INFOPLIST_KEY_UILaunchStoryboardName = LaunchScreen;
				INFOPLIST_KEY_UIMainStoryboardFile = Main;
				INFOPLIST_KEY_UISupportedInterfaceOrientations = UIInterfaceOrientationPortrait;
				INFOPLIST_KEY_UISupportedInterfaceOrientations_iPad = "UIInterfaceOrientationLandscapeLeft UIInterfaceOrientationLandscapeRight UIInterfaceOrientationPortrait UIInterfaceOrientationPortraitUpsideDown";
				LD_RUNPATH_SEARCH_PATHS = (
					"$(inherited)",
					"@executable_path/Frameworks",
				);
				MARKETING_VERSION = 1.0;
				PRODUCT_BUNDLE_IDENTIFIER = com.antonbaskakov.milestone5;
				PRODUCT_NAME = "$(TARGET_NAME)";
				SWIFT_EMIT_LOC_STRINGS = YES;
				SWIFT_VERSION = 5.0;
				TARGETED_DEVICE_FAMILY = "1,2";
			};
			name = Release;
		};
/* End XCBuildConfiguration section */

/* Begin XCConfigurationList section */
		DC97BE4D2C997A99002DD458 /* Build configuration list for PBXProject "milestone5" */ = {
			isa = XCConfigurationList;
			buildConfigurations = (
				DC97BE642C997A9A002DD458 /* Debug */,
				DC97BE652C997A9A002DD458 /* Release */,
			);
			defaultConfigurationIsVisible = 0;
			defaultConfigurationName = Release;
		};
		DC97BE662C997A9A002DD458 /* Build configuration list for PBXNativeTarget "milestone5" */ = {
			isa = XCConfigurationList;
			buildConfigurations = (
				DC97BE672C997A9A002DD458 /* Debug */,
				DC97BE682C997A9A002DD458 /* Release */,
			);
			defaultConfigurationIsVisible = 0;
			defaultConfigurationName = Release;
		};
/* End XCConfigurationList section */
	};
	rootObject = DC97BE4A2C997A99002DD458 /* Project object */;
}
